id: time-clock
title: "La hora"
jlpt: N5
functions: [tell-time]
cards:
  - es: "Hora (en punto)"
    jp: "じ"
    romaji: "ji"
  - es: "Minuto"
    jp: "ふん"
    romaji: "fun"
  - es: "Y media"
    jp: "はん"
    romaji: "han"
  - es: "Qué hora"
    jp: "なんじ"
    romaji: "nanji"
  - es: "Cuántos minutos"
    jp: "なんぷん"
    romaji: "nanpun"
  - es: "De la mañana (a.m.)"
    jp: "ごぜん"
    romaji: "gozen"
  - es: "De la tarde (p.m.)"
    jp: "ごご"
    romaji: "gogo"
  - es: "La una"
    jp: "いちじ"
    romaji: "ichiji"
  - es: "Las dos"
    jp: "にじ"
    romaji: "niji"
  - es: "Las tres"
    jp: "さんじ"
    romaji: "sanji"
  - es: "Las cuatro"
    jp: "よじ"
    romaji: "yoji"
  - es: "Las cinco"
    jp: "ごじ"
    romaji: "goji"
  - es: "Las seis"
    jp: "ろくじ"
    romaji: "rokuji"
  - es: "Las siete"
    jp: "しちじ"
    romaji: "shichiji"
  - es: "Las ocho"
    jp: "はちじ"
    romaji: "hachiji"
  - es: "Las nueve"
    jp: "くじ"
    romaji: "kuji"
  - es: "Las diez"
    jp: "じゅうじ"
    romaji: "jūji"
  - es: "Las once"
    jp: "じゅういちじ"
    romaji: "jūichiji"
  - es: "Las doce"
    jp: "じゅうにじ"
    romaji: "jūniji"
